Microsoft Visual Studio Solution File, Format Version 12.00
# Visual Studio Version 17
VisualStudioVersion = 17.5.2.0
MinimumVisualStudioVersion = 10.0.40219.1
Project("{FAE04EC0-301F-11D3-BF4B-00C04F79EFBC}") = "GridChallenge", "GridChallenge\GridChallenge.csproj", "{EA814172-D89F-84F7-C902-FC8809A7EA14}"
EndProject
Global
	GlobalSection(SolutionConfigurationPlatforms) = preSolution
		Debug|Any CPU = Debug|Any CPU
		Release|Any CPU = Release|Any CPU
	EndGlobalSection
	GlobalSection(ProjectConfigurationPlatforms) = postSolution
		{EA814172-D89F-84F7-C902-FC8809A7EA14}.Debug|Any CPU.ActiveCfg = Debug|Any CPU
		{EA814172-D89F-84F7-C902-FC8809A7EA14}.Debug|Any CPU.Build.0 = Debug|Any CPU
		{EA814172-D89F-84F7-C902-FC8809A7EA14}.Release|Any CPU.ActiveCfg = Release|Any CPU
		{EA814172-D89F-84F7-C902-FC8809A7EA14}.Release|Any CPU.Build.0 = Release|Any CPU
	EndGlobalSection
	GlobalSection(SolutionProperties) = preSolution
		HideSolutionNode = FALSE
	EndGlobalSection
	GlobalSection(ExtensibilityGlobals) = postSolution
		SolutionGuid = {016CF49C-C952-4FB4-8C3D-0E23722E93FC}
	EndGlobalSection
EndGlobal
