Microsoft Visual Studio Solution File, Format Version 12.00
# Visual Studio Version 17
VisualStudioVersion = 17.5.2.0
MinimumVisualStudioVersion = 10.0.40219.1
Project("{FAE04EC0-301F-11D3-BF4B-00C04F79EFBC}") = "caesar_cipher", "caesar_cipher.csproj", "{F7F4A232-E7B0-B6AC-C4F5-273EE5AC83ED}"
EndProject
Global
	GlobalSection(SolutionConfigurationPlatforms) = preSolution
		Debug|Any CPU = Debug|Any CPU
		Release|Any CPU = Release|Any CPU
	EndGlobalSection
	GlobalSection(ProjectConfigurationPlatforms) = postSolution
		{F7F4A232-E7B0-B6AC-C4F5-273EE5AC83ED}.Debug|Any CPU.ActiveCfg = Debug|Any CPU
		{F7F4A232-E7B0-B6AC-C4F5-273EE5AC83ED}.Debug|Any CPU.Build.0 = Debug|Any CPU
		{F7F4A232-E7B0-B6AC-C4F5-273EE5AC83ED}.Release|Any CPU.ActiveCfg = Release|Any CPU
		{F7F4A232-E7B0-B6AC-C4F5-273EE5AC83ED}.Release|Any CPU.Build.0 = Release|Any CPU
	EndGlobalSection
	GlobalSection(SolutionProperties) = preSolution
		HideSolutionNode = FALSE
	EndGlobalSection
	GlobalSection(ExtensibilityGlobals) = postSolution
		SolutionGuid = {1E65E6FF-DB86-4922-A5BB-4F0FB8D82892}
	EndGlobalSection
EndGlobal
