Microsoft Visual Studio Solution File, Format Version 12.00
# Visual Studio Version 17
VisualStudioVersion = 17.5.2.0
MinimumVisualStudioVersion = 10.0.40219.1
Project("{FAE04EC0-301F-11D3-BF4B-00C04F79EFBC}") = "RecursiveDigitSum", "RecursiveDigitSum.csproj", "{BBB15502-94CF-96A4-BEAA-5DE39A2B5A78}"
EndProject
Global
	GlobalSection(SolutionConfigurationPlatforms) = preSolution
		Debug|Any CPU = Debug|Any CPU
		Release|Any CPU = Release|Any CPU
	EndGlobalSection
	GlobalSection(ProjectConfigurationPlatforms) = postSolution
		{BBB15502-94CF-96A4-BEAA-5DE39A2B5A78}.Debug|Any CPU.ActiveCfg = Debug|Any CPU
		{BBB15502-94CF-96A4-BEAA-5DE39A2B5A78}.Debug|Any CPU.Build.0 = Debug|Any CPU
		{BBB15502-94CF-96A4-BEAA-5DE39A2B5A78}.Release|Any CPU.ActiveCfg = Release|Any CPU
		{BBB15502-94CF-96A4-BEAA-5DE39A2B5A78}.Release|Any CPU.Build.0 = Release|Any CPU
	EndGlobalSection
	GlobalSection(SolutionProperties) = preSolution
		HideSolutionNode = FALSE
	EndGlobalSection
	GlobalSection(ExtensibilityGlobals) = postSolution
		SolutionGuid = {1A202A5F-B860-497D-BE60-649F14AA3A66}
	EndGlobalSection
EndGlobal
